// !$*UTF8*$!
{
	archiveVersion = 1;
	classes = {
	};
	objectVersion = 56;
	objects = {

/* Begin PBXBuildFile section */
		091E4BF62B8B39300096D523 /* SearchVC.swift in Sources */ = {isa = PBXBuildFile; fileRef = 091E4BF52B8B39300096D523 /* SearchVC.swift */; };
		091E4BF82B8B395C0096D523 /* FavoritesListVC.swift in Sources */ = {isa = PBXBuildFile; fileRef = 091E4BF72B8B395C0096D523 /* FavoritesListVC.swift */; };
		091E4BFA2B8B417A0096D523 /* GFButton.swift in Sources */ = {isa = PBXBuildFile; fileRef = 091E4BF92B8B417A0096D523 /* GFButton.swift */; };
		091E4BFC2B8B44520096D523 /* GFTextField.swift in Sources */ = {isa = PBXBuildFile; fileRef = 091E4BFB2B8B44520096D523 /* GFTextField.swift */; };
		091E4BFE2B8B96270096D523 /* FollowerListVC.swift in Sources */ = {isa = PBXBuildFile; fileRef = 091E4BFD2B8B96270096D523 /* FollowerListVC.swift */; };
		091E4C002B8BB1E40096D523 /* GFTitleLabel.swift in Sources */ = {isa = PBXBuildFile; fileRef = 091E4BFF2B8BB1E40096D523 /* GFTitleLabel.swift */; };
		091E4C022B8BB3370096D523 /* GFBodyLabel.swift in Sources */ = {isa = PBXBuildFile; fileRef = 091E4C012B8BB3370096D523 /* GFBodyLabel.swift */; };
		091E4C042B8BB3EE0096D523 /* GFAlertVC.swift in Sources */ = {isa = PBXBuildFile; fileRef = 091E4C032B8BB3EE0096D523 /* GFAlertVC.swift */; };
		091E4C062B8CFB790096D523 /* UIViewController+Extension.swift in Sources */ = {isa = PBXBuildFile; fileRef = 091E4C052B8CFB790096D523 /* UIViewController+Extension.swift */; };
		091E4C0D2B8D10E80096D523 /* Follower.swift in Sources */ = {isa = PBXBuildFile; fileRef = 091E4C0C2B8D10E80096D523 /* Follower.swift */; };
		091E4C0F2B8D11EC0096D523 /* User.swift in Sources */ = {isa = PBXBuildFile; fileRef = 091E4C0E2B8D11EC0096D523 /* User.swift */; };
		091E4C122B8D157C0096D523 /* NetworkManager.swift in Sources */ = {isa = PBXBuildFile; fileRef = 091E4C112B8D157C0096D523 /* NetworkManager.swift */; };
		091E4C152B8E1E750096D523 /* ErrorMessage.swift in Sources */ = {isa = PBXBuildFile; fileRef = 091E4C142B8E1E750096D523 /* ErrorMessage.swift */; };
		091E4C182B8E24DD0096D523 /* FollowerCell.swift in Sources */ = {isa = PBXBuildFile; fileRef = 091E4C172B8E24DD0096D523 /* FollowerCell.swift */; };
		091E4C1A2B8E25550096D523 /* GFAvatarImageView.swift in Sources */ = {isa = PBXBuildFile; fileRef = 091E4C192B8E25550096D523 /* GFAvatarImageView.swift */; };
		091E4C1C2B8E730F0096D523 /* UIHelper.swift in Sources */ = {isa = PBXBuildFile; fileRef = 091E4C1B2B8E730F0096D523 /* UIHelper.swift */; };
		0960E01F2B88C9E8001EA037 /* AppDelegate.swift in Sources */ = {isa = PBXBuildFile; fileRef = 0960E01E2B88C9E8001EA037 /* AppDelegate.swift */; };
		0960E0212B88C9E8001EA037 /* SceneDelegate.swift in Sources */ = {isa = PBXBuildFile; fileRef = 0960E0202B88C9E8001EA037 /* SceneDelegate.swift */; };
		0960E0282B88C9E9001EA037 /* Assets.xcassets in Resources */ = {isa = PBXBuildFile; fileRef = 0960E0272B88C9E9001EA037 /* Assets.xcassets */; };
		0960E02B2B88C9E9001EA037 /* LaunchScreen.storyboard in Resources */ = {isa = PBXBuildFile; fileRef = 0960E0292B88C9E9001EA037 /* LaunchScreen.storyboard */; };
/* End PBXBuildFile section */

/* Begin PBXFileReference section */
		091E4BF52B8B39300096D523 /* SearchVC.swift */ = {isa = PBXFileReference; lastKnownFileType = sourcecode.swift; path = SearchVC.swift; sourceTree = "<group>"; };
		091E4BF72B8B395C0096D523 /* FavoritesListVC.swift */ = {isa = PBXFileReference; lastKnownFileType = sourcecode.swift; path = FavoritesListVC.swift; sourceTree = "<group>"; };
		091E4BF92B8B417A0096D523 /* GFButton.swift */ = {isa = PBXFileReference; lastKnownFileType = sourcecode.swift; path = GFButton.swift; sourceTree = "<group>"; };
		091E4BFB2B8B44520096D523 /* GFTextField.swift */ = {isa = PBXFileReference; lastKnownFileType = sourcecode.swift; path = GFTextField.swift; sourceTree = "<group>"; };
		091E4BFD2B8B96270096D523 /* FollowerListVC.swift */ = {isa = PBXFileReference; lastKnownFileType = sourcecode.swift; path = FollowerListVC.swift; sourceTree = "<group>"; };
		091E4BFF2B8BB1E40096D523 /* GFTitleLabel.swift */ = {isa = PBXFileReference; lastKnownFileType = sourcecode.swift; path = GFTitleLabel.swift; sourceTree = "<group>"; };
		091E4C012B8BB3370096D523 /* GFBodyLabel.swift */ = {isa = PBXFileReference; lastKnownFileType = sourcecode.swift; path = GFBodyLabel.swift; sourceTree = "<group>"; };
		091E4C032B8BB3EE0096D523 /* GFAlertVC.swift */ = {isa = PBXFileReference; lastKnownFileType = sourcecode.swift; path = GFAlertVC.swift; sourceTree = "<group>"; };
		091E4C052B8CFB790096D523 /* UIViewController+Extension.swift */ = {isa = PBXFileReference; lastKnownFileType = sourcecode.swift; path = "UIViewController+Extension.swift"; sourceTree = "<group>"; };
		091E4C0C2B8D10E80096D523 /* Follower.swift */ = {isa = PBXFileReference; lastKnownFileType = sourcecode.swift; path = Follower.swift; sourceTree = "<group>"; };
		091E4C0E2B8D11EC0096D523 /* User.swift */ = {isa = PBXFileReference; lastKnownFileType = sourcecode.swift; path = User.swift; sourceTree = "<group>"; };
		091E4C112B8D157C0096D523 /* NetworkManager.swift */ = {isa = PBXFileReference; lastKnownFileType = sourcecode.swift; path = NetworkManager.swift; sourceTree = "<group>"; };
		091E4C142B8E1E750096D523 /* ErrorMessage.swift */ = {isa = PBXFileReference; lastKnownFileType = sourcecode.swift; path = ErrorMessage.swift; sourceTree = "<group>"; };
		091E4C172B8E24DD0096D523 /* FollowerCell.swift */ = {isa = PBXFileReference; lastKnownFileType = sourcecode.swift; path = FollowerCell.swift; sourceTree = "<group>"; };
		091E4C192B8E25550096D523 /* GFAvatarImageView.swift */ = {isa = PBXFileReference; lastKnownFileType = sourcecode.swift; path = GFAvatarImageView.swift; sourceTree = "<group>"; };
		091E4C1B2B8E730F0096D523 /* UIHelper.swift */ = {isa = PBXFileReference; lastKnownFileType = sourcecode.swift; path = UIHelper.swift; sourceTree = "<group>"; };
		0960E01B2B88C9E8001EA037 /* GithubFollowers.app */ = {isa = PBXFileReference; explicitFileType = wrapper.application; includeInIndex = 0; path = GithubFollowers.app; sourceTree = BUILT_PRODUCTS_DIR; };
		0960E01E2B88C9E8001EA037 /* AppDelegate.swift */ = {isa = PBXFileReference; lastKnownFileType = sourcecode.swift; path = AppDelegate.swift; sourceTree = "<group>"; };
		0960E0202B88C9E8001EA037 /* SceneDelegate.swift */ = {isa = PBXFileReference; lastKnownFileType = sourcecode.swift; path = SceneDelegate.swift; sourceTree = "<group>"; };
		0960E0272B88C9E9001EA037 /* Assets.xcassets */ = {isa = PBXFileReference; lastKnownFileType = folder.assetcatalog; path = Assets.xcassets; sourceTree = "<group>"; };
		0960E02A2B88C9E9001EA037 /* Base */ = {isa = PBXFileReference; lastKnownFileType = file.storyboard; name = Base; path = Base.lproj/LaunchScreen.storyboard; sourceTree = "<group>"; };
		0960E02C2B88C9E9001EA037 /* Info.plist */ = {isa = PBXFileReference; lastKnownFileType = text.plist.xml; path = Info.plist; sourceTree = "<group>"; };
/* End PBXFileReference section */

/* Begin PBXFrameworksBuildPhase section */
		0960E0182B88C9E8001EA037 /* Frameworks */ = {
			isa = PBXFrameworksBuildPhase;
			buildActionMask = 2147483647;
			files = (
			);
			runOnlyForDeploymentPostprocessing = 0;
		};
/* End PBXFrameworksBuildPhase section */

/* Begin PBXGroup section */
		091E4C072B8CFFD30096D523 /* Screens */ = {
			isa = PBXGroup;
			children = (
				091E4BF52B8B39300096D523 /* SearchVC.swift */,
				091E4BFD2B8B96270096D523 /* FollowerListVC.swift */,
				091E4BF72B8B395C0096D523 /* FavoritesListVC.swift */,
			);
			path = Screens;
			sourceTree = "<group>";
		};
		091E4C082B8D00090096D523 /* Custom Views */ = {
			isa = PBXGroup;
			children = (
				091E4C162B8E24A50096D523 /* Cells */,
				091E4C032B8BB3EE0096D523 /* GFAlertVC.swift */,
				091E4BF92B8B417A0096D523 /* GFButton.swift */,
				091E4BFB2B8B44520096D523 /* GFTextField.swift */,
				091E4BFF2B8BB1E40096D523 /* GFTitleLabel.swift */,
				091E4C012B8BB3370096D523 /* GFBodyLabel.swift */,
				091E4C192B8E25550096D523 /* GFAvatarImageView.swift */,
			);
			path = "Custom Views";
			sourceTree = "<group>";
		};
		091E4C092B8D00370096D523 /* Extensions */ = {
			isa = PBXGroup;
			children = (
				091E4C052B8CFB790096D523 /* UIViewController+Extension.swift */,
			);
			path = Extensions;
			sourceTree = "<group>";
		};
		091E4C0A2B8D00970096D523 /* Support */ = {
			isa = PBXGroup;
			children = (
				0960E01E2B88C9E8001EA037 /* AppDelegate.swift */,
				0960E0202B88C9E8001EA037 /* SceneDelegate.swift */,
				0960E0272B88C9E9001EA037 /* Assets.xcassets */,
				0960E0292B88C9E9001EA037 /* LaunchScreen.storyboard */,
			);
			path = Support;
			sourceTree = "<group>";
		};
		091E4C0B2B8D10DA0096D523 /* Model */ = {
			isa = PBXGroup;
			children = (
				091E4C0C2B8D10E80096D523 /* Follower.swift */,
				091E4C0E2B8D11EC0096D523 /* User.swift */,
			);
			path = Model;
			sourceTree = "<group>";
		};
		091E4C102B8D15630096D523 /* Managers */ = {
			isa = PBXGroup;
			children = (
				091E4C112B8D157C0096D523 /* NetworkManager.swift */,
			);
			path = Managers;
			sourceTree = "<group>";
		};
		091E4C132B8E1E630096D523 /* Utilities */ = {
			isa = PBXGroup;
			children = (
				091E4C142B8E1E750096D523 /* ErrorMessage.swift */,
				091E4C1B2B8E730F0096D523 /* UIHelper.swift */,
			);
			path = Utilities;
			sourceTree = "<group>";
		};
		091E4C162B8E24A50096D523 /* Cells */ = {
			isa = PBXGroup;
			children = (
				091E4C172B8E24DD0096D523 /* FollowerCell.swift */,
			);
			path = Cells;
			sourceTree = "<group>";
		};
		0960E0122B88C9E8001EA037 = {
			isa = PBXGroup;
			children = (
				0960E01D2B88C9E8001EA037 /* GithubFollowers */,
				0960E01C2B88C9E8001EA037 /* Products */,
			);
			sourceTree = "<group>";
		};
		0960E01C2B88C9E8001EA037 /* Products */ = {
			isa = PBXGroup;
			children = (
				0960E01B2B88C9E8001EA037 /* GithubFollowers.app */,
			);
			name = Products;
			sourceTree = "<group>";
		};
		0960E01D2B88C9E8001EA037 /* GithubFollowers */ = {
			isa = PBXGroup;
			children = (
				091E4C132B8E1E630096D523 /* Utilities */,
				091E4C102B8D15630096D523 /* Managers */,
				091E4C0B2B8D10DA0096D523 /* Model */,
				091E4C0A2B8D00970096D523 /* Support */,
				091E4C092B8D00370096D523 /* Extensions */,
				091E4C082B8D00090096D523 /* Custom Views */,
				091E4C072B8CFFD30096D523 /* Screens */,
				0960E02C2B88C9E9001EA037 /* Info.plist */,
			);
			path = GithubFollowers;
			sourceTree = "<group>";
		};
/* End PBXGroup section */

/* Begin PBXNativeTarget section */
		0960E01A2B88C9E8001EA037 /* GithubFollowers */ = {
			isa = PBXNativeTarget;
			buildConfigurationList = 0960E02F2B88C9E9001EA037 /* Build configuration list for PBXNativeTarget "GithubFollowers" */;
			buildPhases = (
				0960E0172B88C9E8001EA037 /* Sources */,
				0960E0182B88C9E8001EA037 /* Frameworks */,
				0960E0192B88C9E8001EA037 /* Resources */,
			);
			buildRules = (
			);
			dependencies = (
			);
			name = GithubFollowers;
			productName = GithubFollowers;
			productReference = 0960E01B2B88C9E8001EA037 /* GithubFollowers.app */;
			productType = "com.apple.product-type.application";
		};
/* End PBXNativeTarget section */

/* Begin PBXProject section */
		0960E0132B88C9E8001EA037 /* Project object */ = {
			isa = PBXProject;
			attributes = {
				BuildIndependentTargetsInParallel = 1;
				LastSwiftUpdateCheck = 1520;
				LastUpgradeCheck = 1520;
				TargetAttributes = {
					0960E01A2B88C9E8001EA037 = {
						CreatedOnToolsVersion = 15.2;
					};
				};
			};
			buildConfigurationList = 0960E0162B88C9E8001EA037 /* Build configuration list for PBXProject "GithubFollowers" */;
			compatibilityVersion = "Xcode 14.0";
			developmentRegion = en;
			hasScannedForEncodings = 0;
			knownRegions = (
				en,
				Base,
			);
			mainGroup = 0960E0122B88C9E8001EA037;
			productRefGroup = 0960E01C2B88C9E8001EA037 /* Products */;
			projectDirPath = "";
			projectRoot = "";
			targets = (
				0960E01A2B88C9E8001EA037 /* GithubFollowers */,
			);
		};
/* End PBXProject section */

/* Begin PBXResourcesBuildPhase section */
		0960E0192B88C9E8001EA037 /* Resources */ = {
			isa = PBXResourcesBuildPhase;
			buildActionMask = 2147483647;
			files = (
				0960E02B2B88C9E9001EA037 /* LaunchScreen.storyboard in Resources */,
				0960E0282B88C9E9001EA037 /* Assets.xcassets in Resources */,
			);
			runOnlyForDeploymentPostprocessing = 0;
		};
/* End PBXResourcesBuildPhase section */

/* Begin PBXSourcesBuildPhase section */
		0960E0172B88C9E8001EA037 /* Sources */ = {
			isa = PBXSourcesBuildPhase;
			buildActionMask = 2147483647;
			files = (
				091E4C0F2B8D11EC0096D523 /* User.swift in Sources */,
				091E4BFC2B8B44520096D523 /* GFTextField.swift in Sources */,
				091E4C062B8CFB790096D523 /* UIViewController+Extension.swift in Sources */,
				091E4BF82B8B395C0096D523 /* FavoritesListVC.swift in Sources */,
				091E4BFA2B8B417A0096D523 /* GFButton.swift in Sources */,
				091E4C1C2B8E730F0096D523 /* UIHelper.swift in Sources */,
				091E4C1A2B8E25550096D523 /* GFAvatarImageView.swift in Sources */,
				091E4BF62B8B39300096D523 /* SearchVC.swift in Sources */,
				091E4C042B8BB3EE0096D523 /* GFAlertVC.swift in Sources */,
				091E4C182B8E24DD0096D523 /* FollowerCell.swift in Sources */,
				091E4C152B8E1E750096D523 /* ErrorMessage.swift in Sources */,
				091E4C022B8BB3370096D523 /* GFBodyLabel.swift in Sources */,
				091E4C0D2B8D10E80096D523 /* Follower.swift in Sources */,
				091E4C002B8BB1E40096D523 /* GFTitleLabel.swift in Sources */,
				091E4C122B8D157C0096D523 /* NetworkManager.swift in Sources */,
				091E4BFE2B8B96270096D523 /* FollowerListVC.swift in Sources */,
				0960E01F2B88C9E8001EA037 /* AppDelegate.swift in Sources */,
				0960E0212B88C9E8001EA037 /* SceneDelegate.swift in Sources */,
			);
			runOnlyForDeploymentPostprocessing = 0;
		};
/* End PBXSourcesBuildPhase section */

/* Begin PBXVariantGroup section */
		0960E0292B88C9E9001EA037 /* LaunchScreen.storyboard */ = {
			isa = PBXVariantGroup;
			children = (
				0960E02A2B88C9E9001EA037 /* Base */,
			);
			name = LaunchScreen.storyboard;
			sourceTree = "<group>";
		};
/* End PBXVariantGroup section */

/* Begin XCBuildConfiguration section */
		0960E02D2B88C9E9001EA037 /* Debug */ = {
			isa = XCBuildConfiguration;
			buildSettings = {
				ALWAYS_SEARCH_USER_PATHS = NO;
				ASSETCATALOG_COMPILER_GENERATE_SWIFT_ASSET_SYMBOL_EXTENSIONS = YES;
				CLANG_ANALYZER_NONNULL = YES;
				CLANG_ANALYZER_NUMBER_OBJECT_CONVERSION = YES_AGGRESSIVE;
				CLANG_CXX_LANGUAGE_STANDARD = "gnu++20";
				CLANG_ENABLE_MODULES = YES;
				CLANG_ENABLE_OBJC_ARC = YES;
				CLANG_ENABLE_OBJC_WEAK = YES;
				CLANG_WARN_BLOCK_CAPTURE_AUTORELEASING = YES;
				CLANG_WARN_BOOL_CONVERSION = YES;
				CLANG_WARN_COMMA = YES;
				CLANG_WARN_CONSTANT_CONVERSION = YES;
				CLANG_WARN_DEPRECATED_OBJC_IMPLEMENTATIONS = YES;
				CLANG_WARN_DIRECT_OBJC_ISA_USAGE = YES_ERROR;
				CLANG_WARN_DOCUMENTATION_COMMENTS = YES;
				CLANG_WARN_EMPTY_BODY = YES;
				CLANG_WARN_ENUM_CONVERSION = YES;
				CLANG_WARN_INFINITE_RECURSION = YES;
				CLANG_WARN_INT_CONVERSION = YES;
				CLANG_WARN_NON_LITERAL_NULL_CONVERSION = YES;
				CLANG_WARN_OBJC_IMPLICIT_RETAIN_SELF = YES;
				CLANG_WARN_OBJC_LITERAL_CONVERSION = YES;
				CLANG_WARN_OBJC_ROOT_CLASS = YES_ERROR;
				CLANG_WARN_QUOTED_INCLUDE_IN_FRAMEWORK_HEADER = YES;
				CLANG_WARN_RANGE_LOOP_ANALYSIS = YES;
				CLANG_WARN_STRICT_PROTOTYPES = YES;
				CLANG_WARN_SUSPICIOUS_MOVE = YES;
				CLANG_WARN_UNGUARDED_AVAILABILITY = YES_AGGRESSIVE;
				CLANG_WARN_UNREACHABLE_CODE = YES;
				CLANG_WARN__DUPLICATE_METHOD_MATCH = YES;
				COPY_PHASE_STRIP = NO;
				DEBUG_INFORMATION_FORMAT = dwarf;
				ENABLE_STRICT_OBJC_MSGSEND = YES;
				ENABLE_TESTABILITY = YES;
				ENABLE_USER_SCRIPT_SANDBOXING = YES;
				GCC_C_LANGUAGE_STANDARD = gnu17;
				GCC_DYNAMIC_NO_PIC = NO;
				GCC_NO_COMMON_BLOCKS = YES;
				GCC_OPTIMIZATION_LEVEL = 0;
				GCC_PREPROCESSOR_DEFINITIONS = (
					"DEBUG=1",
					"$(inherited)",
				);
				GCC_WARN_64_TO_32_BIT_CONVERSION = YES;
				GCC_WARN_ABOUT_RETURN_TYPE = YES_ERROR;
				GCC_WARN_UNDECLARED_SELECTOR = YES;
				GCC_WARN_UNINITIALIZED_AUTOS = YES_AGGRESSIVE;
				GCC_WARN_UNUSED_FUNCTION = YES;
				GCC_WARN_UNUSED_VARIABLE = YES;
				IPHONEOS_DEPLOYMENT_TARGET = 13.2;
				LOCALIZATION_PREFERS_STRING_CATALOGS = YES;
				MTL_ENABLE_DEBUG_INFO = INCLUDE_SOURCE;
				MTL_FAST_MATH = YES;
				ONLY_ACTIVE_ARCH = YES;
				SDKROOT = iphoneos;
				SWIFT_ACTIVE_COMPILATION_CONDITIONS = "DEBUG $(inherited)";
				SWIFT_OPTIMIZATION_LEVEL = "-Onone";
			};
			name = Debug;
		};
		0960E02E2B88C9E9001EA037 /* Release */ = {
			isa = XCBuildConfiguration;
			buildSettings = {
				ALWAYS_SEARCH_USER_PATHS = NO;
				ASSETCATALOG_COMPILER_GENERATE_SWIFT_ASSET_SYMBOL_EXTENSIONS = YES;
				CLANG_ANALYZER_NONNULL = YES;
				CLANG_ANALYZER_NUMBER_OBJECT_CONVERSION = YES_AGGRESSIVE;
				CLANG_CXX_LANGUAGE_STANDARD = "gnu++20";
				CLANG_ENABLE_MODULES = YES;
				CLANG_ENABLE_OBJC_ARC = YES;
				CLANG_ENABLE_OBJC_WEAK = YES;
				CLANG_WARN_BLOCK_CAPTURE_AUTORELEASING = YES;
				CLANG_WARN_BOOL_CONVERSION = YES;
				CLANG_WARN_COMMA = YES;
				CLANG_WARN_CONSTANT_CONVERSION = YES;
				CLANG_WARN_DEPRECATED_OBJC_IMPLEMENTATIONS = YES;
				CLANG_WARN_DIRECT_OBJC_ISA_USAGE = YES_ERROR;
				CLANG_WARN_DOCUMENTATION_COMMENTS = YES;
				CLANG_WARN_EMPTY_BODY = YES;
				CLANG_WARN_ENUM_CONVERSION = YES;
				CLANG_WARN_INFINITE_RECURSION = YES;
				CLANG_WARN_INT_CONVERSION = YES;
				CLANG_WARN_NON_LITERAL_NULL_CONVERSION = YES;
				CLANG_WARN_OBJC_IMPLICIT_RETAIN_SELF = YES;
				CLANG_WARN_OBJC_LITERAL_CONVERSION = YES;
				CLANG_WARN_OBJC_ROOT_CLASS = YES_ERROR;
				CLANG_WARN_QUOTED_INCLUDE_IN_FRAMEWORK_HEADER = YES;
				CLANG_WARN_RANGE_LOOP_ANALYSIS = YES;
				CLANG_WARN_STRICT_PROTOTYPES = YES;
				CLANG_WARN_SUSPICIOUS_MOVE = YES;
				CLANG_WARN_UNGUARDED_AVAILABILITY = YES_AGGRESSIVE;
				CLANG_WARN_UNREACHABLE_CODE = YES;
				CLANG_WARN__DUPLICATE_METHOD_MATCH = YES;
				COPY_PHASE_STRIP = NO;
				DEBUG_INFORMATION_FORMAT = "dwarf-with-dsym";
				ENABLE_NS_ASSERTIONS = NO;
				ENABLE_STRICT_OBJC_MSGSEND = YES;
				ENABLE_USER_SCRIPT_SANDBOXING = YES;
				GCC_C_LANGUAGE_STANDARD = gnu17;
				GCC_NO_COMMON_BLOCKS = YES;
				GCC_WARN_64_TO_32_BIT_CONVERSION = YES;
				GCC_WARN_ABOUT_RETURN_TYPE = YES_ERROR;
				GCC_WARN_UNDECLARED_SELECTOR = YES;
				GCC_WARN_UNINITIALIZED_AUTOS = YES_AGGRESSIVE;
				GCC_WARN_UNUSED_FUNCTION = YES;
				GCC_WARN_UNUSED_VARIABLE = YES;
				IPHONEOS_DEPLOYMENT_TARGET = 13.2;
				LOCALIZATION_PREFERS_STRING_CATALOGS = YES;
				MTL_ENABLE_DEBUG_INFO = NO;
				MTL_FAST_MATH = YES;
				SDKROOT = iphoneos;
				SWIFT_COMPILATION_MODE = wholemodule;
				VALIDATE_PRODUCT = YES;
			};
			name = Release;
		};
		0960E0302B88C9E9001EA037 /* Debug */ = {
			isa = XCBuildConfiguration;
			buildSettings = {
				ASSETCATALOG_COMPILER_APPICON_NAME = AppIcon;
				ASSETCATALOG_COMPILER_GLOBAL_ACCENT_COLOR_NAME = AccentColor;
				CODE_SIGN_STYLE = Automatic;
				CURRENT_PROJECT_VERSION = 1;
				DEVELOPMENT_TEAM = PSF33EGXVS;
				GENERATE_INFOPLIST_FILE = YES;
				INFOPLIST_FILE = GithubFollowers/Info.plist;
				INFOPLIST_KEY_UIApplicationSupportsIndirectInputEvents = YES;
				INFOPLIST_KEY_UILaunchStoryboardName = LaunchScreen;
				INFOPLIST_KEY_UISupportedInterfaceOrientations = UIInterfaceOrientationPortrait;
				INFOPLIST_KEY_UISupportedInterfaceOrientations_iPad = "UIInterfaceOrientationLandscapeLeft UIInterfaceOrientationLandscapeRight UIInterfaceOrientationPortrait UIInterfaceOrientationPortraitUpsideDown";
				IPHONEOS_DEPLOYMENT_TARGET = 13.2;
				LD_RUNPATH_SEARCH_PATHS = (
					"$(inherited)",
					"@executable_path/Frameworks",
				);
				MARKETING_VERSION = 1.0;
				PRODUCT_BUNDLE_IDENTIFIER = com.markomeden.GithubFollowers;
				PRODUCT_NAME = "$(TARGET_NAME)";
				SWIFT_EMIT_LOC_STRINGS = YES;
				SWIFT_VERSION = 5.0;
				TARGETED_DEVICE_FAMILY = "1,2";
			};
			name = Debug;
		};
		0960E0312B88C9E9001EA037 /* Release */ = {
			isa = XCBuildConfiguration;
			buildSettings = {
				ASSETCATALOG_COMPILER_APPICON_NAME = AppIcon;
				ASSETCATALOG_COMPILER_GLOBAL_ACCENT_COLOR_NAME = AccentColor;
				CODE_SIGN_STYLE = Automatic;
				CURRENT_PROJECT_VERSION = 1;
				DEVELOPMENT_TEAM = PSF33EGXVS;
				GENERATE_INFOPLIST_FILE = YES;
				INFOPLIST_FILE = GithubFollowers/Info.plist;
				INFOPLIST_KEY_UIApplicationSupportsIndirectInputEvents = YES;
				INFOPLIST_KEY_UILaunchStoryboardName = LaunchScreen;
				INFOPLIST_KEY_UISupportedInterfaceOrientations = UIInterfaceOrientationPortrait;
				INFOPLIST_KEY_UISupportedInterfaceOrientations_iPad = "UIInterfaceOrientationLandscapeLeft UIInterfaceOrientationLandscapeRight UIInterfaceOrientationPortrait UIInterfaceOrientationPortraitUpsideDown";
				IPHONEOS_DEPLOYMENT_TARGET = 13.2;
				LD_RUNPATH_SEARCH_PATHS = (
					"$(inherited)",
					"@executable_path/Frameworks",
				);
				MARKETING_VERSION = 1.0;
				PRODUCT_BUNDLE_IDENTIFIER = com.markomeden.GithubFollowers;
				PRODUCT_NAME = "$(TARGET_NAME)";
				SWIFT_EMIT_LOC_STRINGS = YES;
				SWIFT_VERSION = 5.0;
				TARGETED_DEVICE_FAMILY = "1,2";
			};
			name = Release;
		};
/* End XCBuildConfiguration section */

/* Begin XCConfigurationList section */
		0960E0162B88C9E8001EA037 /* Build configuration list for PBXProject "GithubFollowers" */ = {
			isa = XCConfigurationList;
			buildConfigurations = (
				0960E02D2B88C9E9001EA037 /* Debug */,
				0960E02E2B88C9E9001EA037 /* Release */,
			);
			defaultConfigurationIsVisible = 0;
			defaultConfigurationName = Release;
		};
		0960E02F2B88C9E9001EA037 /* Build configuration list for PBXNativeTarget "GithubFollowers" */ = {
			isa = XCConfigurationList;
			buildConfigurations = (
				0960E0302B88C9E9001EA037 /* Debug */,
				0960E0312B88C9E9001EA037 /* Release */,
			);
			defaultConfigurationIsVisible = 0;
			defaultConfigurationName = Release;
		};
/* End XCConfigurationList section */
	};
	rootObject = 0960E0132B88C9E8001EA037 /* Project object */;
}
